{
  "nodes": {
    "nixpkgs": {
      "locked": {
        "lastModified": 1719427942,
        "narHash": "sha256-4CgRCP45WNisjKNOduxcdAQUnNCZ9zgPgsMtDFtC/yM=",
        "owner": "NixOS",
        "repo": "nixpkgs",
        "rev": "66f253e5b2d6b03a67dfbf68a3b3be99db5f517f",
        "type": "github"
      },
      "original": {
        "owner": "NixOS",
        "ref": "nixpkgs-24.05-darwin",
        "repo": "nixpkgs",
        "type": "github"
      }
    },
    "root": {
      "inputs": {
        "nixpkgs": "nixpkgs"
      }
    }
  },
  "root": "root",
  "version": 7
}
